{
  "name": "redispratice",
  "version": "1.0.0",
  "lockfileVersion": 1,
  "requires": true,
  "dependencies": {
    "@ioredis/commands": {
      "version": "1.2.0",
      "resolved": "http://npm.ctron.com.cn/@ioredis%2fcommands/-/commands-1.2.0.tgz",
      "integrity": "sha512-Sx1pU8EM64o2BrqNpEO1CNLtKQwyhuXuqyfH7oGKCk+1a33d2r5saW8zNwm3j6BTExtjrv2BxTgzzkMwts6vGg=="
    },
    "cluster-key-slot": {
      "version": "1.1.1",
      "resolved": "http://npm.ctron.com.cn/cluster-key-slot/-/cluster-key-slot-1.1.1.tgz",
      "integrity": "sha512-rwHwUfXL40Chm1r08yrhU3qpUvdVlgkKNeyeGPOxnW8/SyVDvgRaed/Uz54AqWNaTCAThlj6QAs3TZcKI0xDEw=="
    },
    "debug": {
      "version": "4.3.4",
      "resolved": "http://npm.ctron.com.cn/debug/-/debug-4.3.4.tgz",
      "integrity": "sha512-PRWFHuSU3eDtQJPvnNY7Jcket1j0t5OuOsFzPPzsekD52Zl8qUfFIPEiswXqIvHWGVHOgX+7G/vCNNhehwxfkQ==",
      "requires": {
        "ms": "2.1.2"
      }
    },
    "denque": {
      "version": "1.5.1",
      "resolved": "http://npm.ctron.com.cn/denque/-/denque-1.5.1.tgz",
      "integrity": "sha1-B/Zw4pyaePj67LJWah4sEZKcXL8="
    },
    "ioredis": {
      "version": "5.2.3",
      "resolved": "http://npm.ctron.com.cn/ioredis/-/ioredis-5.2.3.tgz",
      "integrity": "sha512-gQNcMF23/NpvjCaa1b5YycUyQJ9rBNH2xP94LWinNpodMWVUPP5Ai/xXANn/SM7gfIvI62B5CCvZxhg5pOgyMw==",
      "requires": {
        "@ioredis/commands": "^1.1.1",
        "cluster-key-slot": "^1.1.0",
        "debug": "^4.3.4",
        "denque": "^2.0.1",
        "lodash.defaults": "^4.2.0",
        "lodash.isarguments": "^3.1.0",
        "redis-errors": "^1.2.0",
        "redis-parser": "^3.0.0",
        "standard-as-callback": "^2.1.0"
      },
      "dependencies": {
        "denque": {
          "version": "2.1.0",
          "resolved": "http://npm.ctron.com.cn/denque/-/denque-2.1.0.tgz",
          "integrity": "sha512-HVQE3AAb/pxF8fQAoiqpvg9i3evqug3hoiwakOyZAwJm+6vZehbkYXZ0l4JxS+I3QxM97v5aaRNhj8v5oBhekw=="
        }
      }
    },
    "lodash.defaults": {
      "version": "4.2.0",
      "resolved": "http://npm.ctron.com.cn/lodash.defaults/-/lodash.defaults-4.2.0.tgz",
      "integrity": "sha1-0JF4cW/+pN3p5ft7N/bwgCJ0WAw="
    },
    "lodash.isarguments": {
      "version": "3.1.0",
      "resolved": "http://npm.ctron.com.cn/lodash.isarguments/-/lodash.isarguments-3.1.0.tgz",
      "integrity": "sha1-L1c9hcaiQon/AGY7SRwdM4/zRYo="
    },
    "ms": {
      "version": "2.1.2",
      "resolved": "http://npm.ctron.com.cn/ms/-/ms-2.1.2.tgz",
      "integrity": "sha1-0J0fNXtEP0kzgqjrPM0YOHKuYAk="
    },
    "node-abort-controller": {
      "version": "3.0.1",
      "resolved": "http://npm.ctron.com.cn/node-abort-controller/-/node-abort-controller-3.0.1.tgz",
      "integrity": "sha512-/ujIVxthRs+7q6hsdjHMaj8hRG9NuWmwrz+JdRwZ14jdFoKSkm+vDsCbF9PLpnSqjaWQJuTmVtcWHNLr+vrOFw=="
    },
    "redis": {
      "version": "3.1.2",
      "resolved": "http://npm.ctron.com.cn/redis/-/redis-3.1.2.tgz",
      "integrity": "sha1-dmhREX6AZT0j4O1TYlRnerZHY4w=",
      "requires": {
        "denque": "^1.5.0",
        "redis-commands": "^1.7.0",
        "redis-errors": "^1.2.0",
        "redis-parser": "^3.0.0"
      }
    },
    "redis-commands": {
      "version": "1.7.0",
      "resolved": "http://npm.ctron.com.cn/redis-commands/-/redis-commands-1.7.0.tgz",
      "integrity": "sha1-Fab+otWCgeJ7HNGs+0spPieMOok="
    },
    "redis-errors": {
      "version": "1.2.0",
      "resolved": "http://npm.ctron.com.cn/redis-errors/-/redis-errors-1.2.0.tgz",
      "integrity": "sha1-62LSrbFeTq9GEMBK/hUpOEJQq60="
    },
    "redis-parser": {
      "version": "3.0.0",
      "resolved": "http://npm.ctron.com.cn/redis-parser/-/redis-parser-3.0.0.tgz",
      "integrity": "sha1-tm2CjNyv5rS4pCin3vTGvKwxyLQ=",
      "requires": {
        "redis-errors": "^1.0.0"
      }
    },
    "redlock": {
      "version": "5.0.0-beta.2",
      "resolved": "http://npm.ctron.com.cn/redlock/-/redlock-5.0.0-beta.2.tgz",
      "integrity": "sha512-2RDWXg5jgRptDrB1w9O/JgSZC0j7y4SlaXnor93H/UJm/QyDiFgBKNtrh0TI6oCXqYSaSoXxFh6Sd3VtYfhRXw==",
      "requires": {
        "node-abort-controller": "^3.0.1"
      }
    },
    "standard-as-callback": {
      "version": "2.1.0",
      "resolved": "http://npm.ctron.com.cn/standard-as-callback/-/standard-as-callback-2.1.0.tgz",
      "integrity": "sha1-iVP8BTWYaKd7W5c5pmXFl3u330U="
    },
    "uuid": {
      "version": "9.0.0",
      "resolved": "http://npm.ctron.com.cn/uuid/-/uuid-9.0.0.tgz",
      "integrity": "sha512-MXcSTerfPa4uqyzStbRoTgt5XIe3x5+42+q1sDuy3R5MDk66URdLMOZe5aPX/SQd+kuYAh0FdP/pO28IkQyTeg=="
    }
  }
}
