{
  "name": "more_process",
  "version": "1.0.0",
  "lockfileVersion": 1,
  "requires": true,
  "dependencies": {
    "cluster": {
      "version": "0.7.7",
      "resolved": "http://npm.ctron.com.cn/cluster/-/cluster-0.7.7.tgz",
      "integrity": "sha512-16LzEZSoBUgRHSN7NA46ntGnI9tf0NnxTm3KCDvHd6aj4EsBqUbYDN3ImCfjYegBXJZiutULF5rWkcRusMIozQ==",
      "requires": {
        "log": ">= 1.2.0",
        "mkdirp": ">= 0.0.1"
      }
    },
    "d": {
      "version": "1.0.1",
      "resolved": "http://npm.ctron.com.cn/d/-/d-1.0.1.tgz",
      "integrity": "sha1-hpgJU3LVjb7jRv/Qxwk/mfj561o=",
      "requires": {
        "es5-ext": "^0.10.50",
        "type": "^1.0.1"
      },
      "dependencies": {
        "type": {
          "version": "1.2.0",
          "resolved": "http://npm.ctron.com.cn/type/-/type-1.2.0.tgz",
          "integrity": "sha1-hI3XaY2vo+VKbEeedZxLw/GIR6A="
        }
      }
    },
    "duration": {
      "version": "0.2.2",
      "resolved": "http://npm.ctron.com.cn/duration/-/duration-0.2.2.tgz",
      "integrity": "sha512-06kgtea+bGreF5eKYgI/36A6pLXggY7oR4p1pq4SmdFBn1ReOL5D8RhG64VrqfTTKNucqqtBAwEj8aB88mcqrg==",
      "requires": {
        "d": "1",
        "es5-ext": "~0.10.46"
      }
    },
    "es5-ext": {
      "version": "0.10.62",
      "resolved": "http://npm.ctron.com.cn/es5-ext/-/es5-ext-0.10.62.tgz",
      "integrity": "sha512-BHLqn0klhEpnOKSrzn/Xsz2UIW8j+cGmo9JLzr8BiUapV8hPL9+FliFqjwr9ngW7jWdnxv6eO+/LqyhJVqgrjA==",
      "requires": {
        "es6-iterator": "^2.0.3",
        "es6-symbol": "^3.1.3",
        "next-tick": "^1.1.0"
      }
    },
    "es6-iterator": {
      "version": "2.0.3",
      "resolved": "http://npm.ctron.com.cn/es6-iterator/-/es6-iterator-2.0.3.tgz",
      "integrity": "sha1-p96IkUGgWpSwhUQDstCg+/qY87c=",
      "requires": {
        "d": "1",
        "es5-ext": "^0.10.35",
        "es6-symbol": "^3.1.1"
      }
    },
    "es6-symbol": {
      "version": "3.1.3",
      "resolved": "http://npm.ctron.com.cn/es6-symbol/-/es6-symbol-3.1.3.tgz",
      "integrity": "sha1-utXTwbzawoJp9MszHkMceKxwXRg=",
      "requires": {
        "d": "^1.0.1",
        "ext": "^1.1.2"
      }
    },
    "event-emitter": {
      "version": "0.3.5",
      "resolved": "http://npm.ctron.com.cn/event-emitter/-/event-emitter-0.3.5.tgz",
      "integrity": "sha1-34xp7vFkeSPHFXuc6DhAYQsCzDk=",
      "requires": {
        "d": "1",
        "es5-ext": "~0.10.14"
      }
    },
    "ext": {
      "version": "1.6.0",
      "resolved": "http://npm.ctron.com.cn/ext/-/ext-1.6.0.tgz",
      "integrity": "sha1-OHHVBkHodMwXLitT+RmELRnbTFI=",
      "requires": {
        "type": "^2.5.0"
      }
    },
    "log": {
      "version": "6.3.1",
      "resolved": "http://npm.ctron.com.cn/log/-/log-6.3.1.tgz",
      "integrity": "sha512-McG47rJEWOkXTDioZzQNydAVvZNeEkSyLJ1VWkFwfW+o1knW+QSi8D1KjPn/TnctV+q99lkvJNe1f0E1IjfY2A==",
      "requires": {
        "d": "^1.0.1",
        "duration": "^0.2.2",
        "es5-ext": "^0.10.53",
        "event-emitter": "^0.3.5",
        "sprintf-kit": "^2.0.1",
        "type": "^2.5.0",
        "uni-global": "^1.0.0"
      }
    },
    "mkdirp": {
      "version": "1.0.4",
      "resolved": "http://npm.ctron.com.cn/mkdirp/-/mkdirp-1.0.4.tgz",
      "integrity": "sha1-PrXtYmInVteaXw4qIh3+utdcL34="
    },
    "next-tick": {
      "version": "1.1.0",
      "resolved": "http://npm.ctron.com.cn/next-tick/-/next-tick-1.1.0.tgz",
      "integrity": "sha1-GDbuMK1W1n7ygbIr0Zn3CUSbNes="
    },
    "os": {
      "version": "0.1.2",
      "resolved": "http://npm.ctron.com.cn/os/-/os-0.1.2.tgz",
      "integrity": "sha1-8ppQxikIUWukJlLeQvcDhgDK28I="
    },
    "sprintf-kit": {
      "version": "2.0.1",
      "resolved": "http://npm.ctron.com.cn/sprintf-kit/-/sprintf-kit-2.0.1.tgz",
      "integrity": "sha512-2PNlcs3j5JflQKcg4wpdqpZ+AjhQJ2OZEo34NXDtlB0tIPG84xaaXhpA8XFacFiwjKA4m49UOYG83y3hbMn/gQ==",
      "requires": {
        "es5-ext": "^0.10.53"
      }
    },
    "type": {
      "version": "2.7.2",
      "resolved": "http://npm.ctron.com.cn/type/-/type-2.7.2.tgz",
      "integrity": "sha512-dzlvlNlt6AXU7EBSfpAscydQ7gXB+pPGsPnfJnZpiNJBDj7IaJzQlBZYGdEi4R9HmPdBv2XmWJ6YUtoTa7lmCw=="
    },
    "uni-global": {
      "version": "1.0.0",
      "resolved": "http://npm.ctron.com.cn/uni-global/-/uni-global-1.0.0.tgz",
      "integrity": "sha512-WWM3HP+siTxzIWPNUg7hZ4XO8clKi6NoCAJJWnuRL+BAqyFXF8gC03WNyTefGoUXYc47uYgXxpKLIEvo65PEHw==",
      "requires": {
        "type": "^2.5.0"
      }
    }
  }
}
