{
  "name": "serarchipaddress",
  "version": "1.0.0",
  "lockfileVersion": 1,
  "requires": true,
  "dependencies": {
    "@redis/bloom": {
      "version": "1.1.0",
      "resolved": "http://npm.ctron.com.cn/@redis%2fbloom/-/bloom-1.1.0.tgz",
      "integrity": "sha512-9QovlxmpRtvxVbN0UBcv8WfdSMudNZZTFqCsnBszcQXqaZb/TVe30ScgGEO7u1EAIacTPAo7/oCYjYAxiHLanQ=="
    },
    "@redis/client": {
      "version": "1.4.0",
      "resolved": "http://npm.ctron.com.cn/@redis%2fclient/-/client-1.4.0.tgz",
      "integrity": "sha512-1gEj1AkyXPlkcC/9/T5xpDcQF8ntERURjLBgEWMTdUZqe181zfI9BY3jc2OzjTLkvZh5GV7VT4ktoJG2fV2ufw==",
      "requires": {
        "cluster-key-slot": "1.1.1",
        "generic-pool": "3.9.0",
        "yallist": "4.0.0"
      }
    },
    "@redis/graph": {
      "version": "1.1.0",
      "resolved": "http://npm.ctron.com.cn/@redis%2fgraph/-/graph-1.1.0.tgz",
      "integrity": "sha512-16yZWngxyXPd+MJxeSr0dqh2AIOi8j9yXKcKCwVaKDbH3HTuETpDVPcLujhFYVPtYrngSco31BUcSa9TH31Gqg=="
    },
    "@redis/json": {
      "version": "1.0.4",
      "resolved": "http://npm.ctron.com.cn/@redis%2fjson/-/json-1.0.4.tgz",
      "integrity": "sha512-LUZE2Gdrhg0Rx7AN+cZkb1e6HjoSKaeeW8rYnt89Tly13GBI5eP4CwDVr+MY8BAYfCg4/N15OUrtLoona9uSgw=="
    },
    "@redis/search": {
      "version": "1.1.0",
      "resolved": "http://npm.ctron.com.cn/@redis%2fsearch/-/search-1.1.0.tgz",
      "integrity": "sha512-NyFZEVnxIJEybpy+YskjgOJRNsfTYqaPbK/Buv6W2kmFNaRk85JiqjJZA5QkRmWvGbyQYwoO5QfDi2wHskKrQQ=="
    },
    "@redis/time-series": {
      "version": "1.0.4",
      "resolved": "http://npm.ctron.com.cn/@redis%2ftime-series/-/time-series-1.0.4.tgz",
      "integrity": "sha512-ThUIgo2U/g7cCuZavucQTQzA9g9JbDDY2f64u3AbAoz/8vE2lt2U37LamDUVChhaDA3IRT9R6VvJwqnUfTJzng=="
    },
    "cluster-key-slot": {
      "version": "1.1.1",
      "resolved": "http://npm.ctron.com.cn/cluster-key-slot/-/cluster-key-slot-1.1.1.tgz",
      "integrity": "sha512-rwHwUfXL40Chm1r08yrhU3qpUvdVlgkKNeyeGPOxnW8/SyVDvgRaed/Uz54AqWNaTCAThlj6QAs3TZcKI0xDEw=="
    },
    "csv": {
      "version": "6.2.2",
      "resolved": "http://npm.ctron.com.cn/csv/-/csv-6.2.2.tgz",
      "integrity": "sha512-flTUz/J1VZ6n5+PJmxO7EImbt+tmk2aVgYxeo5UkC/f/beo9OQ7uFMVm53xOsS+/8+5gFN+MQwCdYtYzRXhrRg==",
      "requires": {
        "csv-generate": "^4.2.1",
        "csv-parse": "^5.3.2",
        "csv-stringify": "^6.2.1",
        "stream-transform": "^3.2.1"
      }
    },
    "csv-generate": {
      "version": "4.2.1",
      "resolved": "http://npm.ctron.com.cn/csv-generate/-/csv-generate-4.2.1.tgz",
      "integrity": "sha512-w6GFHjvApv6bcJ2xdi9JGsH6ZvUBfC+vUdfefnEzurXG6hMRwzkBLnhztU2H7v7+zfCk1I/knnQ+tGbgpxWrBw=="
    },
    "csv-parse": {
      "version": "5.3.2",
      "resolved": "http://npm.ctron.com.cn/csv-parse/-/csv-parse-5.3.2.tgz",
      "integrity": "sha512-3jQ/JMs+voKxr4vwpmElS1d37J0o6rQdQyEKoPyA9HG8fYczpLaBJnmp5ykvkXL8ZeEGVP0qwLU645BZVykXKw=="
    },
    "csv-stringify": {
      "version": "6.2.1",
      "resolved": "http://npm.ctron.com.cn/csv-stringify/-/csv-stringify-6.2.1.tgz",
      "integrity": "sha512-+DT/YEgqRy82aMPMA7yUUpFJPx9X8iZy7UhfyTE2bHmFJcjDiz1j29wzTFkYTtuNVceNgz8efsjICch+O1WcLQ=="
    },
    "generic-pool": {
      "version": "3.9.0",
      "resolved": "http://npm.ctron.com.cn/generic-pool/-/generic-pool-3.9.0.tgz",
      "integrity": "sha512-hymDOu5B53XvN4QT9dBmZxPX4CWhBPPLguTZ9MMFeFa/Kg0xWVfylOVNlJji/E7yTZWFd/q9GO5TxDLq156D7g=="
    },
    "redis": {
      "version": "4.5.0",
      "resolved": "http://npm.ctron.com.cn/redis/-/redis-4.5.0.tgz",
      "integrity": "sha512-oZGAmOKG+RPnHo0UxM5GGjJ0dBd/Vi4fs3MYwM1p2baDoXC0wpm0yOdpxVS9K+0hM84ycdysp2eHg2xGoQ4FEw==",
      "requires": {
        "@redis/bloom": "1.1.0",
        "@redis/client": "1.4.0",
        "@redis/graph": "1.1.0",
        "@redis/json": "1.0.4",
        "@redis/search": "1.1.0",
        "@redis/time-series": "1.0.4"
      }
    },
    "stream-transform": {
      "version": "3.2.1",
      "resolved": "http://npm.ctron.com.cn/stream-transform/-/stream-transform-3.2.1.tgz",
      "integrity": "sha512-ApK+WTJ5bCOf0A2tlec1qhvr8bGEBM/sgXXB7mysdCYgZJO5DZeaV3h3G+g0HnAQ372P5IhiGqnW29zoLOfTzQ=="
    },
    "yallist": {
      "version": "4.0.0",
      "resolved": "http://npm.ctron.com.cn/yallist/-/yallist-4.0.0.tgz",
      "integrity": "sha1-m7knkNnA7/7GO+c1GeEaNQGaOnI="
    }
  }
}
